<Solution>
  <Folder Name="/API/">
    <Project Path="API/WekezaERMS.API.csproj" />
  </Folder>
  <Folder Name="/Application/">
    <Project Path="Application/WekezaERMS.Application.csproj" />
  </Folder>
  <Folder Name="/Domain/">
    <Project Path="Domain/WekezaERMS.Domain.csproj" />
  </Folder>
  <Folder Name="/Infrastructure/">
    <Project Path="Infrastructure/WekezaERMS.Infrastructure.csproj" />
  </Folder>
</Solution>
