
Microsoft Visual Studio Solution File, Format Version 12.00
# Visual Studio Version 17
VisualStudioVersion = 17.0.31903.59
MinimumVisualStudioVersion = 10.0.40219.1
Project("{9A19103F-16F7-4668-BE54-9A1E7A4F7556}") = "Wekeza.Nexus.Domain", "src\Wekeza.Nexus.Domain\Wekeza.Nexus.Domain.csproj", "{B1C2D3E4-F5A6-7B89-CDEF-012345678901}"
EndProject
Project("{9A19103F-16F7-4668-BE54-9A1E7A4F7556}") = "Wekeza.Nexus.Application", "src\Wekeza.Nexus.Application\Wekeza.Nexus.Application.csproj", "{C2D3E4F5-A6B7-8C90-DEF0-123456789012}"
EndProject
Project("{9A19103F-16F7-4668-BE54-9A1E7A4F7556}") = "Wekeza.Nexus.Infrastructure", "src\Wekeza.Nexus.Infrastructure\Wekeza.Nexus.Infrastructure.csproj", "{D3E4F5A6-B7C8-9D01-EF12-234567890123}"
EndProject
Project("{9A19103F-16F7-4668-BE54-9A1E7A4F7556}") = "Wekeza.Nexus.UnitTests", "tests\Wekeza.Nexus.UnitTests\Wekeza.Nexus.UnitTests.csproj", "{E4F5A6B7-C8D9-0E12-F345-678901234567}"
EndProject
Global
	GlobalSection(SolutionConfigurationPlatforms) = preSolution
		Debug|Any CPU = Debug|Any CPU
		Release|Any CPU = Release|Any CPU
	EndGlobalSection
	GlobalSection(ProjectConfigurationPlatforms) = postSolution
		{B1C2D3E4-F5A6-7B89-CDEF-012345678901}.Debug|Any CPU.ActiveCfg = Debug|Any CPU
		{B1C2D3E4-F5A6-7B89-CDEF-012345678901}.Debug|Any CPU.Build.0 = Debug|Any CPU
		{B1C2D3E4-F5A6-7B89-CDEF-012345678901}.Release|Any CPU.ActiveCfg = Release|Any CPU
		{B1C2D3E4-F5A6-7B89-CDEF-012345678901}.Release|Any CPU.Build.0 = Release|Any CPU
		{C2D3E4F5-A6B7-8C90-DEF0-123456789012}.Debug|Any CPU.ActiveCfg = Debug|Any CPU
		{C2D3E4F5-A6B7-8C90-DEF0-123456789012}.Debug|Any CPU.Build.0 = Debug|Any CPU
		{C2D3E4F5-A6B7-8C90-DEF0-123456789012}.Release|Any CPU.ActiveCfg = Release|Any CPU
		{C2D3E4F5-A6B7-8C90-DEF0-123456789012}.Release|Any CPU.Build.0 = Release|Any CPU
		{D3E4F5A6-B7C8-9D01-EF12-234567890123}.Debug|Any CPU.ActiveCfg = Debug|Any CPU
		{D3E4F5A6-B7C8-9D01-EF12-234567890123}.Debug|Any CPU.Build.0 = Debug|Any CPU
		{D3E4F5A6-B7C8-9D01-EF12-234567890123}.Release|Any CPU.ActiveCfg = Release|Any CPU
		{D3E4F5A6-B7C8-9D01-EF12-234567890123}.Release|Any CPU.Build.0 = Release|Any CPU
		{E4F5A6B7-C8D9-0E12-F345-678901234567}.Debug|Any CPU.ActiveCfg = Debug|Any CPU
		{E4F5A6B7-C8D9-0E12-F345-678901234567}.Debug|Any CPU.Build.0 = Debug|Any CPU
		{E4F5A6B7-C8D9-0E12-F345-678901234567}.Release|Any CPU.ActiveCfg = Release|Any CPU
		{E4F5A6B7-C8D9-0E12-F345-678901234567}.Release|Any CPU.Build.0 = Release|Any CPU
	EndGlobalSection
	GlobalSection(SolutionProperties) = preSolution
		HideSolutionNode = FALSE
	EndGlobalSection
EndGlobal
